
Microsoft Visual Studio Solution File, Format Version 10.00
# Visual Studio 2008
Project("{E24C65DC-7377-472B-9ABA-BC803B73C61A}") = "dev", ".", "{F21A95DE-F283-46D2-A0B5-1F8B0FC1CA87}"
	ProjectSection(WebsiteProperties) = preProject
		TargetFramework = "2.0"
		Debug.AspNetCompiler.VirtualPath = "/dev"
		Debug.AspNetCompiler.PhysicalPath = "..\..\..\..\Desktop\iis-mtt\appliWeb1\dev\"
		Debug.AspNetCompiler.TargetPath = "PrecompiledWeb\dev\"
		Debug.AspNetCompiler.Updateable = "true"
		Debug.AspNetCompiler.ForceOverwrite = "true"
		Debug.AspNetCompiler.FixedNames = "false"
		Debug.AspNetCompiler.Debug = "True"
		Release.AspNetCompiler.VirtualPath = "/dev"
		Release.AspNetCompiler.PhysicalPath = "..\..\..\..\Desktop\iis-mtt\appliWeb1\dev\"
		Release.AspNetCompiler.TargetPath = "PrecompiledWeb\dev\"
		Release.AspNetCompiler.Updateable = "true"
		Release.AspNetCompiler.ForceOverwrite = "true"
		Release.AspNetCompiler.FixedNames = "false"
		Release.AspNetCompiler.Debug = "False"
		VWDPort = "53278"
	EndProjectSection
EndProject
Global
	GlobalSection(SolutionConfigurationPlatforms) = preSolution
		Debug|.NET = Debug|.NET
	EndGlobalSection
	GlobalSection(ProjectConfigurationPlatforms) = postSolution
		{F21A95DE-F283-46D2-A0B5-1F8B0FC1CA87}.Debug|.NET.ActiveCfg = Debug|.NET
		{F21A95DE-F283-46D2-A0B5-1F8B0FC1CA87}.Debug|.NET.Build.0 = Debug|.NET
	EndGlobalSection
	GlobalSection(SolutionProperties) = preSolution
		HideSolutionNode = FALSE
	EndGlobalSection
EndGlobal
